Microsoft Visual Studio Solution File, Format Version 12.00
# Visual Studio Version 17
VisualStudioVersion = 17.5.2.0
MinimumVisualStudioVersion = 10.0.40219.1
Project("{FAE04EC0-301F-11D3-BF4B-00C04F79EFBC}") = "Actividad1_Semana8", "Actividad1_Semana8.csproj", "{AE8ABC2A-1DB6-57A4-A515-66AB009D117C}"
EndProject
Global
	GlobalSection(SolutionConfigurationPlatforms) = preSolution
		Debug|Any CPU = Debug|Any CPU
		Release|Any CPU = Release|Any CPU
	EndGlobalSection
	GlobalSection(ProjectConfigurationPlatforms) = postSolution
		{AE8ABC2A-1DB6-57A4-A515-66AB009D117C}.Debug|Any CPU.ActiveCfg = Debug|Any CPU
		{AE8ABC2A-1DB6-57A4-A515-66AB009D117C}.Debug|Any CPU.Build.0 = Debug|Any CPU
		{AE8ABC2A-1DB6-57A4-A515-66AB009D117C}.Release|Any CPU.ActiveCfg = Release|Any CPU
		{AE8ABC2A-1DB6-57A4-A515-66AB009D117C}.Release|Any CPU.Build.0 = Release|Any CPU
	EndGlobalSection
	GlobalSection(SolutionProperties) = preSolution
		HideSolutionNode = FALSE
	EndGlobalSection
	GlobalSection(ExtensibilityGlobals) = postSolution
		SolutionGuid = {6B9CC44A-AD5B-4B94-974F-0531CA6C49CB}
	EndGlobalSection
EndGlobal
