Microsoft Visual Studio Solution File, Format Version 12.00
# Visual Studio Version 17
VisualStudioVersion = 17.5.2.0
MinimumVisualStudioVersion = 10.0.40219.1
Project("{FAE04EC0-301F-11D3-BF4B-00C04F79EFBC}") = "Primer Parcial", "Primer Parcial.csproj", "{931DC013-0E89-8B0B-5FA1-7E23CDB9ED57}"
EndProject
Global
	GlobalSection(SolutionConfigurationPlatforms) = preSolution
		Debug|Any CPU = Debug|Any CPU
		Release|Any CPU = Release|Any CPU
	EndGlobalSection
	GlobalSection(ProjectConfigurationPlatforms) = postSolution
		{931DC013-0E89-8B0B-5FA1-7E23CDB9ED57}.Debug|Any CPU.ActiveCfg = Debug|Any CPU
		{931DC013-0E89-8B0B-5FA1-7E23CDB9ED57}.Debug|Any CPU.Build.0 = Debug|Any CPU
		{931DC013-0E89-8B0B-5FA1-7E23CDB9ED57}.Release|Any CPU.ActiveCfg = Release|Any CPU
		{931DC013-0E89-8B0B-5FA1-7E23CDB9ED57}.Release|Any CPU.Build.0 = Release|Any CPU
	EndGlobalSection
	GlobalSection(SolutionProperties) = preSolution
		HideSolutionNode = FALSE
	EndGlobalSection
	GlobalSection(ExtensibilityGlobals) = postSolution
		SolutionGuid = {BEE4E6CD-1E00-43B8-958E-D0DAA0959024}
	EndGlobalSection
EndGlobal
